
Microsoft Visual Studio Solution File, Format Version 10.00
# Visual Studio 2008
Project("{FAE04EC0-301F-11D3-BF4B-00C04F79EFBC}") = "Password_Database", "Password_Database\Password_Database.csproj", "{55097B6B-25CF-4594-8496-E98346FEF0DA}"
EndProject
Global
	GlobalSection(SolutionConfigurationPlatforms) = preSolution
		Debug|Any CPU = Debug|Any CPU
		Release|Any CPU = Release|Any CPU
	EndGlobalSection
	GlobalSection(ProjectConfigurationPlatforms) = postSolution
		{55097B6B-25CF-4594-8496-E98346FEF0DA}.Debug|Any CPU.ActiveCfg = Debug|Any CPU
		{55097B6B-25CF-4594-8496-E98346FEF0DA}.Debug|Any CPU.Build.0 = Debug|Any CPU
		{55097B6B-25CF-4594-8496-E98346FEF0DA}.Release|Any CPU.ActiveCfg = Release|Any CPU
		{55097B6B-25CF-4594-8496-E98346FEF0DA}.Release|Any CPU.Build.0 = Release|Any CPU
	EndGlobalSection
	GlobalSection(SolutionProperties) = preSolution
		HideSolutionNode = FALSE
	EndGlobalSection
EndGlobal
